github.com/google/go-cmp v0.6.0 h1:ofyhxvXcZhMsU5ulbFiLKl/XBFqE1GSq7atu8tAmTRI=
github.com/google/go-cmp v0.6.0/go.mod h1:17dUlkBOakJ0+DkrSSNjCkIjxS6bF9zb3elmeNGIjoY=
github.com/gopherjs/gopherjs v1.21.0 h1:5HEGrz+XhpCchubMGzuyLuGoCTlL/yCT7sGsT5Se/dw=
github.com/gopherjs/gopherjs v1.21.0/go.mod h1:R2HIOen3IzYSzvmvkeD8WOfiLN9wueR/T5Y+6z326Ck=
golang.org/x/tools v0.24.0 h1:J1shsA93PJUEVaUSaay7UXAyE8aimq3GW0pjlolpa24=
golang.org/x/tools v0.24.0/go.mod h1:YhNqVBIfWHdzvTLs0d8LCuMhkKUgSUKldakyV7W/WDQ=
honnef.co/go/js/util v0.0.0-20150216223935-96b8dd9d1621 h1:QBApQyt1KyR3SvDWU8sHcIXeWTSCUamO7xQopvwuLWI=
honnef.co/go/js/util v0.0.0-20150216223935-96b8dd9d1621/go.mod h1:WrAIh8rWfzvMdLVgQ7vpu7aYbDAZ3rHLxydzv2VkL/w=
honnef.co/go/js/xhr v0.0.0-20150307031022-00e3346113ae h1:2dIKMawnBWvHzZrS8STyu/KdhYIOpnKQpp1WZm+K7TE=
honnef.co/go/js/xhr v0.0.0-20150307031022-00e3346113ae/go.mod h1:QwoYXdHZpuR080H32s5jqyk7zh/k/U9bDFg2g8OMmOM=
